
Microsoft Visual Studio Solution File, Format Version 12.00
# Visual Studio Version 16
VisualStudioVersion = 16.0.30011.22
MinimumVisualStudioVersion = 10.0.40219.1
Project("{9A19103F-16F7-4668-BE54-9A1E7A4F7556}") = "ApiV2", "ApiV2\ApiV2.csproj", "{9AFCB544-50C2-4730-B23D-268149CF8070}"
EndProject
Project("{9A19103F-16F7-4668-BE54-9A1E7A4F7556}") = "DatabaseContext", "DatabaseContext\DatabaseContext.csproj", "{4C9CBB5A-4ACF-4F04-A3B8-350B3AFCAA84}"
EndProject
Project("{9A19103F-16F7-4668-BE54-9A1E7A4F7556}") = "ModelContext", "ModelContext\ModelContext.csproj", "{D431B80F-7ADE-47D8-AFEE-F15D1B1A1926}"
EndProject
Project("{9A19103F-16F7-4668-BE54-9A1E7A4F7556}") = "ServiceContext", "ServiceContext\ServiceContext.csproj", "{779A5BCC-D143-44D2-99A1-7A2308E59B3E}"
EndProject
Project("{FAE04EC0-301F-11D3-BF4B-00C04F79EFBC}") = "DatabaseOracleContext", "DatabaseOracleContext\DatabaseOracleContext.csproj", "{7931CDFB-2AD2-4996-8962-D0AAFBF191B1}"
EndProject
Global
	GlobalSection(SolutionConfigurationPlatforms) = preSolution
		Debug|Any CPU = Debug|Any CPU
		Release|Any CPU = Release|Any CPU
	EndGlobalSection
	GlobalSection(ProjectConfigurationPlatforms) = postSolution
		{9AFCB544-50C2-4730-B23D-268149CF8070}.Debug|Any CPU.ActiveCfg = Debug|Any CPU
		{9AFCB544-50C2-4730-B23D-268149CF8070}.Debug|Any CPU.Build.0 = Debug|Any CPU
		{9AFCB544-50C2-4730-B23D-268149CF8070}.Release|Any CPU.ActiveCfg = Release|Any CPU
		{9AFCB544-50C2-4730-B23D-268149CF8070}.Release|Any CPU.Build.0 = Release|Any CPU
		{4C9CBB5A-4ACF-4F04-A3B8-350B3AFCAA84}.Debug|Any CPU.ActiveCfg = Debug|Any CPU
		{4C9CBB5A-4ACF-4F04-A3B8-350B3AFCAA84}.Debug|Any CPU.Build.0 = Debug|Any CPU
		{4C9CBB5A-4ACF-4F04-A3B8-350B3AFCAA84}.Release|Any CPU.ActiveCfg = Release|Any CPU
		{4C9CBB5A-4ACF-4F04-A3B8-350B3AFCAA84}.Release|Any CPU.Build.0 = Release|Any CPU
		{D431B80F-7ADE-47D8-AFEE-F15D1B1A1926}.Debug|Any CPU.ActiveCfg = Debug|Any CPU
		{D431B80F-7ADE-47D8-AFEE-F15D1B1A1926}.Debug|Any CPU.Build.0 = Debug|Any CPU
		{D431B80F-7ADE-47D8-AFEE-F15D1B1A1926}.Release|Any CPU.ActiveCfg = Release|Any CPU
		{D431B80F-7ADE-47D8-AFEE-F15D1B1A1926}.Release|Any CPU.Build.0 = Release|Any CPU
		{779A5BCC-D143-44D2-99A1-7A2308E59B3E}.Debug|Any CPU.ActiveCfg = Debug|Any CPU
		{779A5BCC-D143-44D2-99A1-7A2308E59B3E}.Debug|Any CPU.Build.0 = Debug|Any CPU
		{779A5BCC-D143-44D2-99A1-7A2308E59B3E}.Release|Any CPU.ActiveCfg = Release|Any CPU
		{779A5BCC-D143-44D2-99A1-7A2308E59B3E}.Release|Any CPU.Build.0 = Release|Any CPU
		{7931CDFB-2AD2-4996-8962-D0AAFBF191B1}.Debug|Any CPU.ActiveCfg = Debug|Any CPU
		{7931CDFB-2AD2-4996-8962-D0AAFBF191B1}.Debug|Any CPU.Build.0 = Debug|Any CPU
		{7931CDFB-2AD2-4996-8962-D0AAFBF191B1}.Release|Any CPU.ActiveCfg = Release|Any CPU
		{7931CDFB-2AD2-4996-8962-D0AAFBF191B1}.Release|Any CPU.Build.0 = Release|Any CPU
	EndGlobalSection
	GlobalSection(SolutionProperties) = preSolution
		HideSolutionNode = FALSE
	EndGlobalSection
	GlobalSection(ExtensibilityGlobals) = postSolution
		SolutionGuid = {32FB0043-7155-4B73-857F-5E15A4A75242}
	EndGlobalSection
EndGlobal
